
Microsoft Visual Studio Solution File, Format Version 12.00
# Visual Studio Version 16
VisualStudioVersion = 16.0.29503.13
MinimumVisualStudioVersion = 10.0.40219.1
Project("{FAE04EC0-301F-11D3-BF4B-00C04F79EFBC}") = "ChimichurriReloaded", "ChimichurriReloaded.csproj", "{39FD2426-A847-4E1B-A2E8-3B6B0A29287D}"
EndProject
Global
	GlobalSection(SolutionConfigurationPlatforms) = preSolution
		Debug|Any CPU = Debug|Any CPU
		Release|Any CPU = Release|Any CPU
	EndGlobalSection
	GlobalSection(ProjectConfigurationPlatforms) = postSolution
		{39FD2426-A847-4E1B-A2E8-3B6B0A29287D}.Debug|Any CPU.ActiveCfg = Debug|Any CPU
		{39FD2426-A847-4E1B-A2E8-3B6B0A29287D}.Debug|Any CPU.Build.0 = Debug|Any CPU
		{39FD2426-A847-4E1B-A2E8-3B6B0A29287D}.Release|Any CPU.ActiveCfg = Release|Any CPU
		{39FD2426-A847-4E1B-A2E8-3B6B0A29287D}.Release|Any CPU.Build.0 = Release|Any CPU
	EndGlobalSection
	GlobalSection(SolutionProperties) = preSolution
		HideSolutionNode = FALSE
	EndGlobalSection
	GlobalSection(ExtensibilityGlobals) = postSolution
		SolutionGuid = {B7AF3F63-6833-4E4D-A603-97A216FC6D01}
	EndGlobalSection
EndGlobal
